
Microsoft Visual Studio Solution File, Format Version 12.00
# Visual Studio 2012
Project("{FAE04EC0-301F-11D3-BF4B-00C04F79EFBC}") = "PrimeFactors", "PrimeFactors\PrimeFactors.csproj", "{8F0660AA-D321-40E6-B5BC-438466EDCBE9}"
EndProject
Project("{FAE04EC0-301F-11D3-BF4B-00C04F79EFBC}") = "PrimeFactors.Tests", "PrimeFactors.Tests\PrimeFactors.Tests.csproj", "{02D46E55-671C-4C7D-8718-607272A2D51D}"
EndProject
Project("{2150E333-8FDC-42A3-9474-1A3956D46DE8}") = "Solution Items", "Solution Items", "{8AD780B6-15A4-482C-B27F-00B1B116E30D}"
	ProjectSection(SolutionItems) = preProject
		ReadMe.md = ReadMe.md
	EndProjectSection
EndProject
Global
	GlobalSection(SolutionConfigurationPlatforms) = preSolution
		Debug|Any CPU = Debug|Any CPU
		Release|Any CPU = Release|Any CPU
	EndGlobalSection
	GlobalSection(ProjectConfigurationPlatforms) = postSolution
		{8F0660AA-D321-40E6-B5BC-438466EDCBE9}.Debug|Any CPU.ActiveCfg = Debug|Any CPU
		{8F0660AA-D321-40E6-B5BC-438466EDCBE9}.Debug|Any CPU.Build.0 = Debug|Any CPU
		{8F0660AA-D321-40E6-B5BC-438466EDCBE9}.Release|Any CPU.ActiveCfg = Release|Any CPU
		{8F0660AA-D321-40E6-B5BC-438466EDCBE9}.Release|Any CPU.Build.0 = Release|Any CPU
		{02D46E55-671C-4C7D-8718-607272A2D51D}.Debug|Any CPU.ActiveCfg = Debug|Any CPU
		{02D46E55-671C-4C7D-8718-607272A2D51D}.Debug|Any CPU.Build.0 = Debug|Any CPU
		{02D46E55-671C-4C7D-8718-607272A2D51D}.Release|Any CPU.ActiveCfg = Release|Any CPU
		{02D46E55-671C-4C7D-8718-607272A2D51D}.Release|Any CPU.Build.0 = Release|Any CPU
	EndGlobalSection
	GlobalSection(SolutionProperties) = preSolution
		HideSolutionNode = FALSE
	EndGlobalSection
EndGlobal
